
Microsoft Visual Studio Solution File, Format Version 12.00
# Visual Studio Version 16
VisualStudioVersion = 16.0.28803.202
MinimumVisualStudioVersion = 10.0.40219.1
Project("{FAE04EC0-301F-11D3-BF4B-00C04F79EFBC}") = "Pokodigon", "Pokodigon.csproj", "{485C59BA-71BC-416A-AFDF-C2D87E571274}"
EndProject
Global
	GlobalSection(SolutionConfigurationPlatforms) = preSolution
		Debug|Any CPU = Debug|Any CPU
		Release|Any CPU = Release|Any CPU
	EndGlobalSection
	GlobalSection(ProjectConfigurationPlatforms) = postSolution
		{485C59BA-71BC-416A-AFDF-C2D87E571274}.Debug|Any CPU.ActiveCfg = Debug|Any CPU
		{485C59BA-71BC-416A-AFDF-C2D87E571274}.Debug|Any CPU.Build.0 = Debug|Any CPU
		{485C59BA-71BC-416A-AFDF-C2D87E571274}.Release|Any CPU.ActiveCfg = Release|Any CPU
		{485C59BA-71BC-416A-AFDF-C2D87E571274}.Release|Any CPU.Build.0 = Release|Any CPU
	EndGlobalSection
	GlobalSection(SolutionProperties) = preSolution
		HideSolutionNode = FALSE
	EndGlobalSection
	GlobalSection(ExtensibilityGlobals) = postSolution
		SolutionGuid = {54375E8F-42EA-4377-A201-D6DEF69DF77A}
	EndGlobalSection
EndGlobal
